{
	"name": "w-c",
	"version": "1.0.0",
	"lockfileVersion": 3,
	"requires": true,
	"packages": {
		"": {
			"name": "w-c",
			"version": "1.0.0",
			"license": "ISC",
			"devDependencies": {
				"@cloudflare/workers-types": "^4.20231121.0"
			}
		},
		"node_modules/@cloudflare/workers-types": {
			"version": "4.20231121.0",
			"resolved": "https://registry.npmjs.org/@cloudflare/workers-types/-/workers-types-4.20231121.0.tgz",
			"integrity": "sha512-+kWfpCkqiepwAKXyHoE0gnkPgkLhz0/9HOBIGhHRsUvUKvhUtm3mbqqoGRWgF1qcjzrDUBbrrOq4MYHfFtc2RA==",
			"dev": true
		}
	}
}
